
Microsoft Visual Studio Solution File, Format Version 12.00
# Visual Studio Version 17
VisualStudioVersion = 17.12.35506.116
MinimumVisualStudioVersion = 10.0.40219.1
Project("{F2A71F9B-5D33-465A-A702-920D77279786}") = "FSharp.Discord.Types", "FSharp.Discord.Types\FSharp.Discord.Types.fsproj", "{11410479-F337-49F6-8214-7136A52E8727}"
EndProject
Project("{F2A71F9B-5D33-465A-A702-920D77279786}") = "FSharp.Discord.Rest", "FSharp.Discord.Rest\FSharp.Discord.Rest.fsproj", "{9A2D970D-1510-49E5-BE06-660543DAD657}"
EndProject
Project("{F2A71F9B-5D33-465A-A702-920D77279786}") = "FSharp.Discord.Gateway", "FSharp.Discord.Gateway\FSharp.Discord.Gateway.fsproj", "{1D5B8255-077F-4CAB-80BD-A4F6325628CF}"
EndProject
Project("{F2A71F9B-5D33-465A-A702-920D77279786}") = "FSharp.Discord.Webhook", "FSharp.Discord.Webhook\FSharp.Discord.Webhook.fsproj", "{485CDC3A-88FF-4C4D-BD42-3354378362AE}"
EndProject
Project("{F2A71F9B-5D33-465A-A702-920D77279786}") = "FSharp.Discord.Utils", "FSharp.Discord.Utils\FSharp.Discord.Utils.fsproj", "{2D07EDC6-366C-4222-9422-756D63466BF8}"
EndProject
Project("{F2A71F9B-5D33-465A-A702-920D77279786}") = "FSharp.Discord.Commands", "FSharp.Discord.Commands\FSharp.Discord.Commands.fsproj", "{6275F5BC-D7DA-4EBE-9261-2FD36150AA3E}"
EndProject
Project("{F2A71F9B-5D33-465A-A702-920D77279786}") = "FSharp.Discord", "FSharp.Discord\FSharp.Discord.fsproj", "{B6883572-A2F5-4E66-B51C-68C5E7EC1AFA}"
EndProject
Project("{2150E333-8FDC-42A3-9474-1A3956D46DE8}") = "Tests", "Tests", "{9A66A158-511A-43C1-BE92-9BF0A2909F98}"
EndProject
Project("{F2A71F9B-5D33-465A-A702-920D77279786}") = "FSharp.Discord.Types.Tests.Unit", "Tests\FSharp.Discord.Types.Tests.Unit\FSharp.Discord.Types.Tests.Unit.fsproj", "{7E8F60BB-0628-4D0A-8AD5-0776CE6CCE7B}"
EndProject
Project("{F2A71F9B-5D33-465A-A702-920D77279786}") = "FSharp.Discord.Rest.Tests.Unit", "Tests\FSharp.Discord.Rest.Tests.Unit\FSharp.Discord.Rest.Tests.Unit.fsproj", "{39ADCAE3-0015-44F6-AE59-FD2C816B3119}"
EndProject
Project("{F2A71F9B-5D33-465A-A702-920D77279786}") = "FSharp.Discord.Gateway.Tests.Unit", "Tests\FSharp.Discord.Gateway.Tests.Unit\FSharp.Discord.Gateway.Tests.Unit.fsproj", "{948BEB2E-7DAC-406E-B3AF-94E4F8F24F87}"
EndProject
Project("{F2A71F9B-5D33-465A-A702-920D77279786}") = "FSharp.Discord.Webhook.Tests.Unit", "Tests\FSharp.Discord.Webhook.Tests.Unit\FSharp.Discord.Webhook.Tests.Unit.fsproj", "{683760E5-38F2-494B-826B-F6A081A7068A}"
EndProject
Project("{F2A71F9B-5D33-465A-A702-920D77279786}") = "FSharp.Discord.Utils.Tests.Unit", "Tests\FSharp.Discord.Utils.Tests.Unit\FSharp.Discord.Utils.Tests.Unit.fsproj", "{B5D386D8-7E19-4C3A-B493-8D5711AD4C0C}"
EndProject
Project("{F2A71F9B-5D33-465A-A702-920D77279786}") = "FSharp.Discord.Commands.Tests.Unit", "Tests\FSharp.Discord.Commands.Tests.Unit\FSharp.Discord.Commands.Tests.Unit.fsproj", "{BEC2A6FC-74F1-44A0-B47E-A325809A3AE0}"
EndProject
Project("{F2A71F9B-5D33-465A-A702-920D77279786}") = "FSharp.Discord.Gateway.Tests.Integration", "Tests\FSharp.Discord.Gateway.Tests.Integration\FSharp.Discord.Gateway.Tests.Integration.fsproj", "{285F6B7B-371E-4CD1-B3BB-837D4269E5FC}"
EndProject
Global
	GlobalSection(SolutionConfigurationPlatforms) = preSolution
		Debug|Any CPU = Debug|Any CPU
		Release|Any CPU = Release|Any CPU
	EndGlobalSection
	GlobalSection(ProjectConfigurationPlatforms) = postSolution
		{11410479-F337-49F6-8214-7136A52E8727}.Debug|Any CPU.ActiveCfg = Debug|Any CPU
		{11410479-F337-49F6-8214-7136A52E8727}.Debug|Any CPU.Build.0 = Debug|Any CPU
		{11410479-F337-49F6-8214-7136A52E8727}.Release|Any CPU.ActiveCfg = Release|Any CPU
		{11410479-F337-49F6-8214-7136A52E8727}.Release|Any CPU.Build.0 = Release|Any CPU
		{9A2D970D-1510-49E5-BE06-660543DAD657}.Debug|Any CPU.ActiveCfg = Debug|Any CPU
		{9A2D970D-1510-49E5-BE06-660543DAD657}.Debug|Any CPU.Build.0 = Debug|Any CPU
		{9A2D970D-1510-49E5-BE06-660543DAD657}.Release|Any CPU.ActiveCfg = Release|Any CPU
		{9A2D970D-1510-49E5-BE06-660543DAD657}.Release|Any CPU.Build.0 = Release|Any CPU
		{1D5B8255-077F-4CAB-80BD-A4F6325628CF}.Debug|Any CPU.ActiveCfg = Debug|Any CPU
		{1D5B8255-077F-4CAB-80BD-A4F6325628CF}.Debug|Any CPU.Build.0 = Debug|Any CPU
		{1D5B8255-077F-4CAB-80BD-A4F6325628CF}.Release|Any CPU.ActiveCfg = Release|Any CPU
		{1D5B8255-077F-4CAB-80BD-A4F6325628CF}.Release|Any CPU.Build.0 = Release|Any CPU
		{485CDC3A-88FF-4C4D-BD42-3354378362AE}.Debug|Any CPU.ActiveCfg = Debug|Any CPU
		{485CDC3A-88FF-4C4D-BD42-3354378362AE}.Debug|Any CPU.Build.0 = Debug|Any CPU
		{485CDC3A-88FF-4C4D-BD42-3354378362AE}.Release|Any CPU.ActiveCfg = Release|Any CPU
		{485CDC3A-88FF-4C4D-BD42-3354378362AE}.Release|Any CPU.Build.0 = Release|Any CPU
		{2D07EDC6-366C-4222-9422-756D63466BF8}.Debug|Any CPU.ActiveCfg = Debug|Any CPU
		{2D07EDC6-366C-4222-9422-756D63466BF8}.Debug|Any CPU.Build.0 = Debug|Any CPU
		{2D07EDC6-366C-4222-9422-756D63466BF8}.Release|Any CPU.ActiveCfg = Release|Any CPU
		{2D07EDC6-366C-4222-9422-756D63466BF8}.Release|Any CPU.Build.0 = Release|Any CPU
		{6275F5BC-D7DA-4EBE-9261-2FD36150AA3E}.Debug|Any CPU.ActiveCfg = Debug|Any CPU
		{6275F5BC-D7DA-4EBE-9261-2FD36150AA3E}.Debug|Any CPU.Build.0 = Debug|Any CPU
		{6275F5BC-D7DA-4EBE-9261-2FD36150AA3E}.Release|Any CPU.ActiveCfg = Release|Any CPU
		{6275F5BC-D7DA-4EBE-9261-2FD36150AA3E}.Release|Any CPU.Build.0 = Release|Any CPU
		{B6883572-A2F5-4E66-B51C-68C5E7EC1AFA}.Debug|Any CPU.ActiveCfg = Debug|Any CPU
		{B6883572-A2F5-4E66-B51C-68C5E7EC1AFA}.Debug|Any CPU.Build.0 = Debug|Any CPU
		{B6883572-A2F5-4E66-B51C-68C5E7EC1AFA}.Release|Any CPU.ActiveCfg = Release|Any CPU
		{B6883572-A2F5-4E66-B51C-68C5E7EC1AFA}.Release|Any CPU.Build.0 = Release|Any CPU
		{7E8F60BB-0628-4D0A-8AD5-0776CE6CCE7B}.Debug|Any CPU.ActiveCfg = Debug|Any CPU
		{7E8F60BB-0628-4D0A-8AD5-0776CE6CCE7B}.Debug|Any CPU.Build.0 = Debug|Any CPU
		{7E8F60BB-0628-4D0A-8AD5-0776CE6CCE7B}.Release|Any CPU.ActiveCfg = Release|Any CPU
		{7E8F60BB-0628-4D0A-8AD5-0776CE6CCE7B}.Release|Any CPU.Build.0 = Release|Any CPU
		{39ADCAE3-0015-44F6-AE59-FD2C816B3119}.Debug|Any CPU.ActiveCfg = Debug|Any CPU
		{39ADCAE3-0015-44F6-AE59-FD2C816B3119}.Debug|Any CPU.Build.0 = Debug|Any CPU
		{39ADCAE3-0015-44F6-AE59-FD2C816B3119}.Release|Any CPU.ActiveCfg = Release|Any CPU
		{39ADCAE3-0015-44F6-AE59-FD2C816B3119}.Release|Any CPU.Build.0 = Release|Any CPU
		{948BEB2E-7DAC-406E-B3AF-94E4F8F24F87}.Debug|Any CPU.ActiveCfg = Debug|Any CPU
		{948BEB2E-7DAC-406E-B3AF-94E4F8F24F87}.Debug|Any CPU.Build.0 = Debug|Any CPU
		{948BEB2E-7DAC-406E-B3AF-94E4F8F24F87}.Release|Any CPU.ActiveCfg = Release|Any CPU
		{948BEB2E-7DAC-406E-B3AF-94E4F8F24F87}.Release|Any CPU.Build.0 = Release|Any CPU
		{683760E5-38F2-494B-826B-F6A081A7068A}.Debug|Any CPU.ActiveCfg = Debug|Any CPU
		{683760E5-38F2-494B-826B-F6A081A7068A}.Debug|Any CPU.Build.0 = Debug|Any CPU
		{683760E5-38F2-494B-826B-F6A081A7068A}.Release|Any CPU.ActiveCfg = Release|Any CPU
		{683760E5-38F2-494B-826B-F6A081A7068A}.Release|Any CPU.Build.0 = Release|Any CPU
		{B5D386D8-7E19-4C3A-B493-8D5711AD4C0C}.Debug|Any CPU.ActiveCfg = Debug|Any CPU
		{B5D386D8-7E19-4C3A-B493-8D5711AD4C0C}.Debug|Any CPU.Build.0 = Debug|Any CPU
		{B5D386D8-7E19-4C3A-B493-8D5711AD4C0C}.Release|Any CPU.ActiveCfg = Release|Any CPU
		{B5D386D8-7E19-4C3A-B493-8D5711AD4C0C}.Release|Any CPU.Build.0 = Release|Any CPU
		{BEC2A6FC-74F1-44A0-B47E-A325809A3AE0}.Debug|Any CPU.ActiveCfg = Debug|Any CPU
		{BEC2A6FC-74F1-44A0-B47E-A325809A3AE0}.Debug|Any CPU.Build.0 = Debug|Any CPU
		{BEC2A6FC-74F1-44A0-B47E-A325809A3AE0}.Release|Any CPU.ActiveCfg = Release|Any CPU
		{BEC2A6FC-74F1-44A0-B47E-A325809A3AE0}.Release|Any CPU.Build.0 = Release|Any CPU
		{285F6B7B-371E-4CD1-B3BB-837D4269E5FC}.Debug|Any CPU.ActiveCfg = Debug|Any CPU
		{285F6B7B-371E-4CD1-B3BB-837D4269E5FC}.Debug|Any CPU.Build.0 = Debug|Any CPU
		{285F6B7B-371E-4CD1-B3BB-837D4269E5FC}.Release|Any CPU.ActiveCfg = Release|Any CPU
		{285F6B7B-371E-4CD1-B3BB-837D4269E5FC}.Release|Any CPU.Build.0 = Release|Any CPU
	EndGlobalSection
	GlobalSection(SolutionProperties) = preSolution
		HideSolutionNode = FALSE
	EndGlobalSection
	GlobalSection(NestedProjects) = preSolution
		{7E8F60BB-0628-4D0A-8AD5-0776CE6CCE7B} = {9A66A158-511A-43C1-BE92-9BF0A2909F98}
		{39ADCAE3-0015-44F6-AE59-FD2C816B3119} = {9A66A158-511A-43C1-BE92-9BF0A2909F98}
		{948BEB2E-7DAC-406E-B3AF-94E4F8F24F87} = {9A66A158-511A-43C1-BE92-9BF0A2909F98}
		{683760E5-38F2-494B-826B-F6A081A7068A} = {9A66A158-511A-43C1-BE92-9BF0A2909F98}
		{B5D386D8-7E19-4C3A-B493-8D5711AD4C0C} = {9A66A158-511A-43C1-BE92-9BF0A2909F98}
		{BEC2A6FC-74F1-44A0-B47E-A325809A3AE0} = {9A66A158-511A-43C1-BE92-9BF0A2909F98}
		{285F6B7B-371E-4CD1-B3BB-837D4269E5FC} = {9A66A158-511A-43C1-BE92-9BF0A2909F98}
	EndGlobalSection
EndGlobal
